
Microsoft Visual Studio Solution File, Format Version 12.00
# Visual Studio 14
VisualStudioVersion = 14.0.25420.1
MinimumVisualStudioVersion = 10.0.40219.1
Project("{FAE04EC0-301F-11D3-BF4B-00C04F79EFBC}") = "AllAboutDough", "AllAboutDough\AllAboutDough.csproj", "{16DFD11A-8808-43AD-884C-2B2BF6FDA7AB}"
EndProject
Global
	GlobalSection(SolutionConfigurationPlatforms) = preSolution
		Debug|Any CPU = Debug|Any CPU
		Release|Any CPU = Release|Any CPU
	EndGlobalSection
	GlobalSection(ProjectConfigurationPlatforms) = postSolution
		{16DFD11A-8808-43AD-884C-2B2BF6FDA7AB}.Debug|Any CPU.ActiveCfg = Debug|Any CPU
		{16DFD11A-8808-43AD-884C-2B2BF6FDA7AB}.Debug|Any CPU.Build.0 = Debug|Any CPU
		{16DFD11A-8808-43AD-884C-2B2BF6FDA7AB}.Release|Any CPU.ActiveCfg = Release|Any CPU
		{16DFD11A-8808-43AD-884C-2B2BF6FDA7AB}.Release|Any CPU.Build.0 = Release|Any CPU
	EndGlobalSection
	GlobalSection(SolutionProperties) = preSolution
		HideSolutionNode = FALSE
	EndGlobalSection
EndGlobal
